
Microsoft Visual Studio Solution File, Format Version 12.00
Project("{FAE04EC0-301F-11D3-BF4B-00C04F79EFBC}") = "CampWeb", "CampWeb\CampWeb.csproj", "{80607988-098E-46B8-8E04-2E7CF87C8326}"
EndProject
Project("{2150E333-8FDC-42A3-9474-1A3956D46DE8}") = "Solution Items", "Solution Items", "{9F21E810-2847-45D4-AE04-C86786F7AE80}"
	ProjectSection(SolutionItems) = preProject
		compose.yaml = compose.yaml
	EndProjectSection
EndProject
Global
	GlobalSection(SolutionConfigurationPlatforms) = preSolution
		Debug|Any CPU = Debug|Any CPU
		Release|Any CPU = Release|Any CPU
	EndGlobalSection
	GlobalSection(ProjectConfigurationPlatforms) = postSolution
		{80607988-098E-46B8-8E04-2E7CF87C8326}.Debug|Any CPU.ActiveCfg = Debug|Any CPU
		{80607988-098E-46B8-8E04-2E7CF87C8326}.Debug|Any CPU.Build.0 = Debug|Any CPU
		{80607988-098E-46B8-8E04-2E7CF87C8326}.Release|Any CPU.ActiveCfg = Release|Any CPU
		{80607988-098E-46B8-8E04-2E7CF87C8326}.Release|Any CPU.Build.0 = Release|Any CPU
	EndGlobalSection
EndGlobal
